// !$*UTF8*$!
{
	archiveVersion = 1;
	classes = {
	};
	objectVersion = 46;
	objects = {

/* Begin PBXBuildFile section */
		A27BCACB1B83D2BC00CD8AB9 /* AuthService.swift in Sources */ = {isa = PBXBuildFile; fileRef = A27BCACA1B83D2BC00CD8AB9 /* AuthService.swift */; };
		A27BCACD1B83D3FF00CD8AB9 /* Keys.swift in Sources */ = {isa = PBXBuildFile; fileRef = A27BCACC1B83D3FF00CD8AB9 /* Keys.swift */; };
		A27BCACF1B83DE4200CD8AB9 /* KeyChainService.swift in Sources */ = {isa = PBXBuildFile; fileRef = A27BCACE1B83DE4200CD8AB9 /* KeyChainService.swift */; };
		A27BCAD11B83EC9700CD8AB9 /* LoginViewController.swift in Sources */ = {isa = PBXBuildFile; fileRef = A27BCAD01B83EC9700CD8AB9 /* LoginViewController.swift */; };
		A27BCAD31B851F1000CD8AB9 /* Constants.swift in Sources */ = {isa = PBXBuildFile; fileRef = A27BCAD21B851F1000CD8AB9 /* Constants.swift */; };
		A27BCAD51B852AE800CD8AB9 /* TestAnimationsViewController.swift in Sources */ = {isa = PBXBuildFile; fileRef = A27BCAD41B852AE800CD8AB9 /* TestAnimationsViewController.swift */; };
		A27BCADF1B853E9C00CD8AB9 /* User.swift in Sources */ = {isa = PBXBuildFile; fileRef = A27BCADE1B853E9C00CD8AB9 /* User.swift */; };
		A27BCAE11B853F1E00CD8AB9 /* UserSearchViewController.swift in Sources */ = {isa = PBXBuildFile; fileRef = A27BCAE01B853F1E00CD8AB9 /* UserSearchViewController.swift */; };
		A2BBE5AD1B8277A100A61387 /* AppDelegate.swift in Sources */ = {isa = PBXBuildFile; fileRef = A2BBE5AC1B8277A100A61387 /* AppDelegate.swift */; };
		A2BBE5AF1B8277A100A61387 /* ViewController.swift in Sources */ = {isa = PBXBuildFile; fileRef = A2BBE5AE1B8277A100A61387 /* ViewController.swift */; };
		A2BBE5B21B8277A100A61387 /* Main.storyboard in Resources */ = {isa = PBXBuildFile; fileRef = A2BBE5B01B8277A100A61387 /* Main.storyboard */; };
		A2BBE5B41B8277A100A61387 /* Images.xcassets in Resources */ = {isa = PBXBuildFile; fileRef = A2BBE5B31B8277A100A61387 /* Images.xcassets */; };
		A2BBE5B71B8277A100A61387 /* LaunchScreen.xib in Resources */ = {isa = PBXBuildFile; fileRef = A2BBE5B51B8277A100A61387 /* LaunchScreen.xib */; };
		A2BBE5C31B8277A100A61387 /* GithubClientTests.swift in Sources */ = {isa = PBXBuildFile; fileRef = A2BBE5C21B8277A100A61387 /* GithubClientTests.swift */; };
		A2BBE5CD1B82793E00A61387 /* MenuTableViewController.swift in Sources */ = {isa = PBXBuildFile; fileRef = A2BBE5CC1B82793E00A61387 /* MenuTableViewController.swift */; };
		A2BBE5CF1B82883F00A61387 /* GithubService.swift in Sources */ = {isa = PBXBuildFile; fileRef = A2BBE5CE1B82883F00A61387 /* GithubService.swift */; };
		A2BBE5D11B828B6B00A61387 /* RepoSearchViewController.swift in Sources */ = {isa = PBXBuildFile; fileRef = A2BBE5D01B828B6B00A61387 /* RepoSearchViewController.swift */; };
/* End PBXBuildFile section */

/* Begin PBXContainerItemProxy section */
		A2BBE5BD1B8277A100A61387 /* PBXContainerItemProxy */ = {
			isa = PBXContainerItemProxy;
			containerPortal = A2BBE59F1B8277A100A61387 /* Project object */;
			proxyType = 1;
			remoteGlobalIDString = A2BBE5A61B8277A100A61387;
			remoteInfo = GithubClient;
		};
/* End PBXContainerItemProxy section */

/* Begin PBXFileReference section */
		A27BCACA1B83D2BC00CD8AB9 /* AuthService.swift */ = {isa = PBXFileReference; fileEncoding = 4; lastKnownFileType = sourcecode.swift; name = AuthService.swift; path = ../AuthService.swift; sourceTree = "<group>"; };
		A27BCACC1B83D3FF00CD8AB9 /* Keys.swift */ = {isa = PBXFileReference; fileEncoding = 4; lastKnownFileType = sourcecode.swift; name = Keys.swift; path = ../Keys.swift; sourceTree = "<group>"; };
		A27BCACE1B83DE4200CD8AB9 /* KeyChainService.swift */ = {isa = PBXFileReference; fileEncoding = 4; lastKnownFileType = sourcecode.swift; path = KeyChainService.swift; sourceTree = "<group>"; };
		A27BCAD01B83EC9700CD8AB9 /* LoginViewController.swift */ = {isa = PBXFileReference; fileEncoding = 4; lastKnownFileType = sourcecode.swift; path = LoginViewController.swift; sourceTree = "<group>"; };
		A27BCAD21B851F1000CD8AB9 /* Constants.swift */ = {isa = PBXFileReference; fileEncoding = 4; lastKnownFileType = sourcecode.swift; path = Constants.swift; sourceTree = "<group>"; };
		A27BCAD41B852AE800CD8AB9 /* TestAnimationsViewController.swift */ = {isa = PBXFileReference; fileEncoding = 4; lastKnownFileType = sourcecode.swift; path = TestAnimationsViewController.swift; sourceTree = "<group>"; };
		A27BCADE1B853E9C00CD8AB9 /* User.swift */ = {isa = PBXFileReference; fileEncoding = 4; lastKnownFileType = sourcecode.swift; path = User.swift; sourceTree = "<group>"; };
		A27BCAE01B853F1E00CD8AB9 /* UserSearchViewController.swift */ = {isa = PBXFileReference; fileEncoding = 4; lastKnownFileType = sourcecode.swift; path = UserSearchViewController.swift; sourceTree = "<group>"; };
		A2BBE5A71B8277A100A61387 /* GithubClient.app */ = {isa = PBXFileReference; explicitFileType = wrapper.application; includeInIndex = 0; path = GithubClient.app; sourceTree = BUILT_PRODUCTS_DIR; };
		A2BBE5AB1B8277A100A61387 /* Info.plist */ = {isa = PBXFileReference; lastKnownFileType = text.plist.xml; path = Info.plist; sourceTree = "<group>"; };
		A2BBE5AC1B8277A100A61387 /* AppDelegate.swift */ = {isa = PBXFileReference; lastKnownFileType = sourcecode.swift; path = AppDelegate.swift; sourceTree = "<group>"; };
		A2BBE5AE1B8277A100A61387 /* ViewController.swift */ = {isa = PBXFileReference; lastKnownFileType = sourcecode.swift; path = ViewController.swift; sourceTree = "<group>"; };
		A2BBE5B11B8277A100A61387 /* Base */ = {isa = PBXFileReference; lastKnownFileType = file.storyboard; name = Base; path = Base.lproj/Main.storyboard; sourceTree = "<group>"; };
		A2BBE5B31B8277A100A61387 /* Images.xcassets */ = {isa = PBXFileReference; lastKnownFileType = folder.assetcatalog; path = Images.xcassets; sourceTree = "<group>"; };
		A2BBE5B61B8277A100A61387 /* Base */ = {isa = PBXFileReference; lastKnownFileType = file.xib; name = Base; path = Base.lproj/LaunchScreen.xib; sourceTree = "<group>"; };
		A2BBE5BC1B8277A100A61387 /* GithubClientTests.xctest */ = {isa = PBXFileReference; explicitFileType = wrapper.cfbundle; includeInIndex = 0; path = GithubClientTests.xctest; sourceTree = BUILT_PRODUCTS_DIR; };
		A2BBE5C11B8277A100A61387 /* Info.plist */ = {isa = PBXFileReference; lastKnownFileType = text.plist.xml; path = Info.plist; sourceTree = "<group>"; };
		A2BBE5C21B8277A100A61387 /* GithubClientTests.swift */ = {isa = PBXFileReference; lastKnownFileType = sourcecode.swift; path = GithubClientTests.swift; sourceTree = "<group>"; };
		A2BBE5CC1B82793E00A61387 /* MenuTableViewController.swift */ = {isa = PBXFileReference; fileEncoding = 4; lastKnownFileType = sourcecode.swift; path = MenuTableViewController.swift; sourceTree = "<group>"; };
		A2BBE5CE1B82883F00A61387 /* GithubService.swift */ = {isa = PBXFileReference; fileEncoding = 4; lastKnownFileType = sourcecode.swift; path = GithubService.swift; sourceTree = "<group>"; };
		A2BBE5D01B828B6B00A61387 /* RepoSearchViewController.swift */ = {isa = PBXFileReference; fileEncoding = 4; lastKnownFileType = sourcecode.swift; path = RepoSearchViewController.swift; sourceTree = "<group>"; };
/* End PBXFileReference section */

/* Begin PBXFrameworksBuildPhase section */
		A2BBE5A41B8277A100A61387 /* Frameworks */ = {
			isa = PBXFrameworksBuildPhase;
			buildActionMask = 2147483647;
			files = (
			);
			runOnlyForDeploymentPostprocessing = 0;
		};
		A2BBE5B91B8277A100A61387 /* Frameworks */ = {
			isa = PBXFrameworksBuildPhase;
			buildActionMask = 2147483647;
			files = (
			);
			runOnlyForDeploymentPostprocessing = 0;
		};
/* End PBXFrameworksBuildPhase section */

/* Begin PBXGroup section */
		A2BBE59E1B8277A100A61387 = {
			isa = PBXGroup;
			children = (
				A2BBE5A91B8277A100A61387 /* GithubClient */,
				A2BBE5BF1B8277A100A61387 /* GithubClientTests */,
				A2BBE5A81B8277A100A61387 /* Products */,
			);
			sourceTree = "<group>";
		};
		A2BBE5A81B8277A100A61387 /* Products */ = {
			isa = PBXGroup;
			children = (
				A2BBE5A71B8277A100A61387 /* GithubClient.app */,
				A2BBE5BC1B8277A100A61387 /* GithubClientTests.xctest */,
			);
			name = Products;
			sourceTree = "<group>";
		};
		A2BBE5A91B8277A100A61387 /* GithubClient */ = {
			isa = PBXGroup;
			children = (
				A2BBE5AC1B8277A100A61387 /* AppDelegate.swift */,
				A2BBE5AE1B8277A100A61387 /* ViewController.swift */,
				A2BBE5B01B8277A100A61387 /* Main.storyboard */,
				A27BCAE01B853F1E00CD8AB9 /* UserSearchViewController.swift */,
				A27BCAD41B852AE800CD8AB9 /* TestAnimationsViewController.swift */,
				A27BCAD01B83EC9700CD8AB9 /* LoginViewController.swift */,
				A2BBE5CC1B82793E00A61387 /* MenuTableViewController.swift */,
				A27BCACC1B83D3FF00CD8AB9 /* Keys.swift */,
				A27BCACE1B83DE4200CD8AB9 /* KeyChainService.swift */,
				A2BBE5CE1B82883F00A61387 /* GithubService.swift */,
				A27BCADE1B853E9C00CD8AB9 /* User.swift */,
				A27BCACA1B83D2BC00CD8AB9 /* AuthService.swift */,
				A27BCAD21B851F1000CD8AB9 /* Constants.swift */,
				A2BBE5D01B828B6B00A61387 /* RepoSearchViewController.swift */,
				A2BBE5B31B8277A100A61387 /* Images.xcassets */,
				A2BBE5B51B8277A100A61387 /* LaunchScreen.xib */,
				A2BBE5AA1B8277A100A61387 /* Supporting Files */,
			);
			path = GithubClient;
			sourceTree = "<group>";
		};
		A2BBE5AA1B8277A100A61387 /* Supporting Files */ = {
			isa = PBXGroup;
			children = (
				A2BBE5AB1B8277A100A61387 /* Info.plist */,
			);
			name = "Supporting Files";
			sourceTree = "<group>";
		};
		A2BBE5BF1B8277A100A61387 /* GithubClientTests */ = {
			isa = PBXGroup;
			children = (
				A2BBE5C21B8277A100A61387 /* GithubClientTests.swift */,
				A2BBE5C01B8277A100A61387 /* Supporting Files */,
			);
			path = GithubClientTests;
			sourceTree = "<group>";
		};
		A2BBE5C01B8277A100A61387 /* Supporting Files */ = {
			isa = PBXGroup;
			children = (
				A2BBE5C11B8277A100A61387 /* Info.plist */,
			);
			name = "Supporting Files";
			sourceTree = "<group>";
		};
/* End PBXGroup section */

/* Begin PBXNativeTarget section */
		A2BBE5A61B8277A100A61387 /* GithubClient */ = {
			isa = PBXNativeTarget;
			buildConfigurationList = A2BBE5C61B8277A100A61387 /* Build configuration list for PBXNativeTarget "GithubClient" */;
			buildPhases = (
				A2BBE5A31B8277A100A61387 /* Sources */,
				A2BBE5A41B8277A100A61387 /* Frameworks */,
				A2BBE5A51B8277A100A61387 /* Resources */,
			);
			buildRules = (
			);
			dependencies = (
			);
			name = GithubClient;
			productName = GithubClient;
			productReference = A2BBE5A71B8277A100A61387 /* GithubClient.app */;
			productType = "com.apple.product-type.application";
		};
		A2BBE5BB1B8277A100A61387 /* GithubClientTests */ = {
			isa = PBXNativeTarget;
			buildConfigurationList = A2BBE5C91B8277A100A61387 /* Build configuration list for PBXNativeTarget "GithubClientTests" */;
			buildPhases = (
				A2BBE5B81B8277A100A61387 /* Sources */,
				A2BBE5B91B8277A100A61387 /* Frameworks */,
				A2BBE5BA1B8277A100A61387 /* Resources */,
			);
			buildRules = (
			);
			dependencies = (
				A2BBE5BE1B8277A100A61387 /* PBXTargetDependency */,
			);
			name = GithubClientTests;
			productName = GithubClientTests;
			productReference = A2BBE5BC1B8277A100A61387 /* GithubClientTests.xctest */;
			productType = "com.apple.product-type.bundle.unit-test";
		};
/* End PBXNativeTarget section */

/* Begin PBXProject section */
		A2BBE59F1B8277A100A61387 /* Project object */ = {
			isa = PBXProject;
			attributes = {
				LastUpgradeCheck = 0640;
				ORGANIZATIONNAME = CF;
				TargetAttributes = {
					A2BBE5A61B8277A100A61387 = {
						CreatedOnToolsVersion = 6.4;
					};
					A2BBE5BB1B8277A100A61387 = {
						CreatedOnToolsVersion = 6.4;
						TestTargetID = A2BBE5A61B8277A100A61387;
					};
				};
			};
			buildConfigurationList = A2BBE5A21B8277A100A61387 /* Build configuration list for PBXProject "GithubClient" */;
			compatibilityVersion = "Xcode 3.2";
			developmentRegion = English;
			hasScannedForEncodings = 0;
			knownRegions = (
				en,
				Base,
			);
			mainGroup = A2BBE59E1B8277A100A61387;
			productRefGroup = A2BBE5A81B8277A100A61387 /* Products */;
			projectDirPath = "";
			projectRoot = "";
			targets = (
				A2BBE5A61B8277A100A61387 /* GithubClient */,
				A2BBE5BB1B8277A100A61387 /* GithubClientTests */,
			);
		};
/* End PBXProject section */

/* Begin PBXResourcesBuildPhase section */
		A2BBE5A51B8277A100A61387 /* Resources */ = {
			isa = PBXResourcesBuildPhase;
			buildActionMask = 2147483647;
			files = (
				A2BBE5B21B8277A100A61387 /* Main.storyboard in Resources */,
				A2BBE5B71B8277A100A61387 /* LaunchScreen.xib in Resources */,
				A2BBE5B41B8277A100A61387 /* Images.xcassets in Resources */,
			);
			runOnlyForDeploymentPostprocessing = 0;
		};
		A2BBE5BA1B8277A100A61387 /* Resources */ = {
			isa = PBXResourcesBuildPhase;
			buildActionMask = 2147483647;
			files = (
			);
			runOnlyForDeploymentPostprocessing = 0;
		};
/* End PBXResourcesBuildPhase section */

/* Begin PBXSourcesBuildPhase section */
		A2BBE5A31B8277A100A61387 /* Sources */ = {
			isa = PBXSourcesBuildPhase;
			buildActionMask = 2147483647;
			files = (
				A27BCAD11B83EC9700CD8AB9 /* LoginViewController.swift in Sources */,
				A2BBE5D11B828B6B00A61387 /* RepoSearchViewController.swift in Sources */,
				A2BBE5AF1B8277A100A61387 /* ViewController.swift in Sources */,
				A2BBE5AD1B8277A100A61387 /* AppDelegate.swift in Sources */,
				A27BCACB1B83D2BC00CD8AB9 /* AuthService.swift in Sources */,
				A27BCAD31B851F1000CD8AB9 /* Constants.swift in Sources */,
				A27BCACD1B83D3FF00CD8AB9 /* Keys.swift in Sources */,
				A27BCACF1B83DE4200CD8AB9 /* KeyChainService.swift in Sources */,
				A27BCADF1B853E9C00CD8AB9 /* User.swift in Sources */,
				A27BCAE11B853F1E00CD8AB9 /* UserSearchViewController.swift in Sources */,
				A27BCAD51B852AE800CD8AB9 /* TestAnimationsViewController.swift in Sources */,
				A2BBE5CF1B82883F00A61387 /* GithubService.swift in Sources */,
				A2BBE5CD1B82793E00A61387 /* MenuTableViewController.swift in Sources */,
			);
			runOnlyForDeploymentPostprocessing = 0;
		};
		A2BBE5B81B8277A100A61387 /* Sources */ = {
			isa = PBXSourcesBuildPhase;
			buildActionMask = 2147483647;
			files = (
				A2BBE5C31B8277A100A61387 /* GithubClientTests.swift in Sources */,
			);
			runOnlyForDeploymentPostprocessing = 0;
		};
/* End PBXSourcesBuildPhase section */

/* Begin PBXTargetDependency section */
		A2BBE5BE1B8277A100A61387 /* PBXTargetDependency */ = {
			isa = PBXTargetDependency;
			target = A2BBE5A61B8277A100A61387 /* GithubClient */;
			targetProxy = A2BBE5BD1B8277A100A61387 /* PBXContainerItemProxy */;
		};
/* End PBXTargetDependency section */

/* Begin PBXVariantGroup section */
		A2BBE5B01B8277A100A61387 /* Main.storyboard */ = {
			isa = PBXVariantGroup;
			children = (
				A2BBE5B11B8277A100A61387 /* Base */,
			);
			name = Main.storyboard;
			sourceTree = "<group>";
		};
		A2BBE5B51B8277A100A61387 /* LaunchScreen.xib */ = {
			isa = PBXVariantGroup;
			children = (
				A2BBE5B61B8277A100A61387 /* Base */,
			);
			name = LaunchScreen.xib;
			sourceTree = "<group>";
		};
/* End PBXVariantGroup section */

/* Begin XCBuildConfiguration section */
		A2BBE5C41B8277A100A61387 /* Debug */ = {
			isa = XCBuildConfiguration;
			buildSettings = {
				ALWAYS_SEARCH_USER_PATHS = NO;
				CLANG_CXX_LANGUAGE_STANDARD = "gnu++0x";
				CLANG_CXX_LIBRARY = "libc++";
				CLANG_ENABLE_MODULES = YES;
				CLANG_ENABLE_OBJC_ARC = YES;
				CLANG_WARN_BOOL_CONVERSION = YES;
				CLANG_WARN_CONSTANT_CONVERSION = YES;
				CLANG_WARN_DIRECT_OBJC_ISA_USAGE = YES_ERROR;
				CLANG_WARN_EMPTY_BODY = YES;
				CLANG_WARN_ENUM_CONVERSION = YES;
				CLANG_WARN_INT_CONVERSION = YES;
				CLANG_WARN_OBJC_ROOT_CLASS = YES_ERROR;
				CLANG_WARN_UNREACHABLE_CODE = YES;
				CLANG_WARN__DUPLICATE_METHOD_MATCH = YES;
				"CODE_SIGN_IDENTITY[sdk=iphoneos*]" = "iPhone Developer";
				COPY_PHASE_STRIP = NO;
				DEBUG_INFORMATION_FORMAT = "dwarf-with-dsym";
				ENABLE_STRICT_OBJC_MSGSEND = YES;
				GCC_C_LANGUAGE_STANDARD = gnu99;
				GCC_DYNAMIC_NO_PIC = NO;
				GCC_NO_COMMON_BLOCKS = YES;
				GCC_OPTIMIZATION_LEVEL = 0;
				GCC_PREPROCESSOR_DEFINITIONS = (
					"DEBUG=1",
					"$(inherited)",
				);
				GCC_SYMBOLS_PRIVATE_EXTERN = NO;
				GCC_WARN_64_TO_32_BIT_CONVERSION = YES;
				GCC_WARN_ABOUT_RETURN_TYPE = YES_ERROR;
				GCC_WARN_UNDECLARED_SELECTOR = YES;
				GCC_WARN_UNINITIALIZED_AUTOS = YES_AGGRESSIVE;
				GCC_WARN_UNUSED_FUNCTION = YES;
				GCC_WARN_UNUSED_VARIABLE = YES;
				IPHONEOS_DEPLOYMENT_TARGET = 8.4;
				MTL_ENABLE_DEBUG_INFO = YES;
				ONLY_ACTIVE_ARCH = YES;
				SDKROOT = iphoneos;
				SWIFT_OPTIMIZATION_LEVEL = "-Onone";
				TARGETED_DEVICE_FAMILY = "1,2";
			};
			name = Debug;
		};
		A2BBE5C51B8277A100A61387 /* Release */ = {
			isa = XCBuildConfiguration;
			buildSettings = {
				ALWAYS_SEARCH_USER_PATHS = NO;
				CLANG_CXX_LANGUAGE_STANDARD = "gnu++0x";
				CLANG_CXX_LIBRARY = "libc++";
				CLANG_ENABLE_MODULES = YES;
				CLANG_ENABLE_OBJC_ARC = YES;
				CLANG_WARN_BOOL_CONVERSION = YES;
				CLANG_WARN_CONSTANT_CONVERSION = YES;
				CLANG_WARN_DIRECT_OBJC_ISA_USAGE = YES_ERROR;
				CLANG_WARN_EMPTY_BODY = YES;
				CLANG_WARN_ENUM_CONVERSION = YES;
				CLANG_WARN_INT_CONVERSION = YES;
				CLANG_WARN_OBJC_ROOT_CLASS = YES_ERROR;
				CLANG_WARN_UNREACHABLE_CODE = YES;
				CLANG_WARN__DUPLICATE_METHOD_MATCH = YES;
				"CODE_SIGN_IDENTITY[sdk=iphoneos*]" = "iPhone Developer";
				COPY_PHASE_STRIP = NO;
				DEBUG_INFORMATION_FORMAT = "dwarf-with-dsym";
				ENABLE_NS_ASSERTIONS = NO;
				ENABLE_STRICT_OBJC_MSGSEND = YES;
				GCC_C_LANGUAGE_STANDARD = gnu99;
				GCC_NO_COMMON_BLOCKS = YES;
				GCC_WARN_64_TO_32_BIT_CONVERSION = YES;
				GCC_WARN_ABOUT_RETURN_TYPE = YES_ERROR;
				GCC_WARN_UNDECLARED_SELECTOR = YES;
				GCC_WARN_UNINITIALIZED_AUTOS = YES_AGGRESSIVE;
				GCC_WARN_UNUSED_FUNCTION = YES;
				GCC_WARN_UNUSED_VARIABLE = YES;
				IPHONEOS_DEPLOYMENT_TARGET = 8.4;
				MTL_ENABLE_DEBUG_INFO = NO;
				SDKROOT = iphoneos;
				TARGETED_DEVICE_FAMILY = "1,2";
				VALIDATE_PRODUCT = YES;
			};
			name = Release;
		};
		A2BBE5C71B8277A100A61387 /* Debug */ = {
			isa = XCBuildConfiguration;
			buildSettings = {
				ASSETCATALOG_COMPILER_APPICON_NAME = AppIcon;
				INFOPLIST_FILE = GithubClient/Info.plist;
				LD_RUNPATH_SEARCH_PATHS = "$(inherited) @executable_path/Frameworks";
				PRODUCT_NAME = "$(TARGET_NAME)";
			};
			name = Debug;
		};
		A2BBE5C81B8277A100A61387 /* Release */ = {
			isa = XCBuildConfiguration;
			buildSettings = {
				ASSETCATALOG_COMPILER_APPICON_NAME = AppIcon;
				INFOPLIST_FILE = GithubClient/Info.plist;
				LD_RUNPATH_SEARCH_PATHS = "$(inherited) @executable_path/Frameworks";
				PRODUCT_NAME = "$(TARGET_NAME)";
			};
			name = Release;
		};
		A2BBE5CA1B8277A100A61387 /* Debug */ = {
			isa = XCBuildConfiguration;
			buildSettings = {
				BUNDLE_LOADER = "$(TEST_HOST)";
				FRAMEWORK_SEARCH_PATHS = (
					"$(SDKROOT)/Developer/Library/Frameworks",
					"$(inherited)",
				);
				GCC_PREPROCESSOR_DEFINITIONS = (
					"DEBUG=1",
					"$(inherited)",
				);
				INFOPLIST_FILE = GithubClientTests/Info.plist;
				LD_RUNPATH_SEARCH_PATHS = "$(inherited) @executable_path/Frameworks @loader_path/Frameworks";
				PRODUCT_NAME = "$(TARGET_NAME)";
				TEST_HOST = "$(BUILT_PRODUCTS_DIR)/GithubClient.app/GithubClient";
			};
			name = Debug;
		};
		A2BBE5CB1B8277A100A61387 /* Release */ = {
			isa = XCBuildConfiguration;
			buildSettings = {
				BUNDLE_LOADER = "$(TEST_HOST)";
				FRAMEWORK_SEARCH_PATHS = (
					"$(SDKROOT)/Developer/Library/Frameworks",
					"$(inherited)",
				);
				INFOPLIST_FILE = GithubClientTests/Info.plist;
				LD_RUNPATH_SEARCH_PATHS = "$(inherited) @executable_path/Frameworks @loader_path/Frameworks";
				PRODUCT_NAME = "$(TARGET_NAME)";
				TEST_HOST = "$(BUILT_PRODUCTS_DIR)/GithubClient.app/GithubClient";
			};
			name = Release;
		};
/* End XCBuildConfiguration section */

/* Begin XCConfigurationList section */
		A2BBE5A21B8277A100A61387 /* Build configuration list for PBXProject "GithubClient" */ = {
			isa = XCConfigurationList;
			buildConfigurations = (
				A2BBE5C41B8277A100A61387 /* Debug */,
				A2BBE5C51B8277A100A61387 /* Release */,
			);
			defaultConfigurationIsVisible = 0;
			defaultConfigurationName = Release;
		};
		A2BBE5C61B8277A100A61387 /* Build configuration list for PBXNativeTarget "GithubClient" */ = {
			isa = XCConfigurationList;
			buildConfigurations = (
				A2BBE5C71B8277A100A61387 /* Debug */,
				A2BBE5C81B8277A100A61387 /* Release */,
			);
			defaultConfigurationIsVisible = 0;
			defaultConfigurationName = Release;
		};
		A2BBE5C91B8277A100A61387 /* Build configuration list for PBXNativeTarget "GithubClientTests" */ = {
			isa = XCConfigurationList;
			buildConfigurations = (
				A2BBE5CA1B8277A100A61387 /* Debug */,
				A2BBE5CB1B8277A100A61387 /* Release */,
			);
			defaultConfigurationIsVisible = 0;
			defaultConfigurationName = Release;
		};
/* End XCConfigurationList section */
	};
	rootObject = A2BBE59F1B8277A100A61387 /* Project object */;
}
