// !$*UTF8*$!
{
	archiveVersion = 1;
	classes = {
	};
	objectVersion = 46;
	objects = {

/* Begin PBXBuildFile section */
		A2B5F1191B950CE9003D9D97 /* main.m in Sources */ = {isa = PBXBuildFile; fileRef = A2B5F1181B950CE9003D9D97 /* main.m */; };
		A2B5F11C1B950CE9003D9D97 /* AppDelegate.m in Sources */ = {isa = PBXBuildFile; fileRef = A2B5F11B1B950CE9003D9D97 /* AppDelegate.m */; };
		A2B5F11F1B950CE9003D9D97 /* ViewController.m in Sources */ = {isa = PBXBuildFile; fileRef = A2B5F11E1B950CE9003D9D97 /* ViewController.m */; };
		A2B5F1221B950CE9003D9D97 /* Main.storyboard in Resources */ = {isa = PBXBuildFile; fileRef = A2B5F1201B950CE9003D9D97 /* Main.storyboard */; };
		A2B5F1241B950CE9003D9D97 /* Images.xcassets in Resources */ = {isa = PBXBuildFile; fileRef = A2B5F1231B950CE9003D9D97 /* Images.xcassets */; };
		A2B5F1271B950CE9003D9D97 /* LaunchScreen.xib in Resources */ = {isa = PBXBuildFile; fileRef = A2B5F1251B950CE9003D9D97 /* LaunchScreen.xib */; };
		A2B5F1331B950CE9003D9D97 /* LocationRemindersTests.m in Sources */ = {isa = PBXBuildFile; fileRef = A2B5F1321B950CE9003D9D97 /* LocationRemindersTests.m */; };
		A2B5F13D1B950D0E003D9D97 /* MapKit.framework in Frameworks */ = {isa = PBXBuildFile; fileRef = A2B5F13C1B950D0E003D9D97 /* MapKit.framework */; };
		A2B5F1771B964B48003D9D97 /* Constants.m in Sources */ = {isa = PBXBuildFile; fileRef = A2B5F1761B964B48003D9D97 /* Constants.m */; };
		A2B5F1801B965D96003D9D97 /* Bolts.framework in Frameworks */ = {isa = PBXBuildFile; fileRef = A2B5F1791B965D96003D9D97 /* Bolts.framework */; };
		A2B5F1811B965D96003D9D97 /* Parse.framework in Frameworks */ = {isa = PBXBuildFile; fileRef = A2B5F17A1B965D96003D9D97 /* Parse.framework */; };
		A2B5F1821B965D96003D9D97 /* ParseCrashReporting.framework in Frameworks */ = {isa = PBXBuildFile; fileRef = A2B5F17B1B965D96003D9D97 /* ParseCrashReporting.framework */; };
		A2B5F1831B965D96003D9D97 /* ParseFacebookUtils.framework in Frameworks */ = {isa = PBXBuildFile; fileRef = A2B5F17C1B965D96003D9D97 /* ParseFacebookUtils.framework */; };
		A2B5F1841B965D96003D9D97 /* ParseFacebookUtilsV4.framework in Frameworks */ = {isa = PBXBuildFile; fileRef = A2B5F17D1B965D96003D9D97 /* ParseFacebookUtilsV4.framework */; };
		A2B5F1851B965D96003D9D97 /* ParseTwitterUtils.framework in Frameworks */ = {isa = PBXBuildFile; fileRef = A2B5F17E1B965D96003D9D97 /* ParseTwitterUtils.framework */; };
		A2B5F1861B965D96003D9D97 /* ParseUI.framework in Frameworks */ = {isa = PBXBuildFile; fileRef = A2B5F17F1B965D96003D9D97 /* ParseUI.framework */; };
		A2B5F1881B965DD2003D9D97 /* AudioToolbox.framework in Frameworks */ = {isa = PBXBuildFile; fileRef = A2B5F1871B965DD2003D9D97 /* AudioToolbox.framework */; };
		A2B5F18A1B965DD9003D9D97 /* CFNetwork.framework in Frameworks */ = {isa = PBXBuildFile; fileRef = A2B5F1891B965DD9003D9D97 /* CFNetwork.framework */; };
		A2B5F18C1B965DDD003D9D97 /* CoreGraphics.framework in Frameworks */ = {isa = PBXBuildFile; fileRef = A2B5F18B1B965DDD003D9D97 /* CoreGraphics.framework */; };
		A2B5F18E1B965DE1003D9D97 /* CoreLocation.framework in Frameworks */ = {isa = PBXBuildFile; fileRef = A2B5F18D1B965DE1003D9D97 /* CoreLocation.framework */; };
		A2B5F1901B965DE5003D9D97 /* QuartzCore.framework in Frameworks */ = {isa = PBXBuildFile; fileRef = A2B5F18F1B965DE5003D9D97 /* QuartzCore.framework */; };
		A2B5F1921B965DEA003D9D97 /* Security.framework in Frameworks */ = {isa = PBXBuildFile; fileRef = A2B5F1911B965DEA003D9D97 /* Security.framework */; };
		A2B5F1941B965DF0003D9D97 /* StoreKit.framework in Frameworks */ = {isa = PBXBuildFile; fileRef = A2B5F1931B965DEF003D9D97 /* StoreKit.framework */; };
		A2B5F1961B965DF6003D9D97 /* SystemConfiguration.framework in Frameworks */ = {isa = PBXBuildFile; fileRef = A2B5F1951B965DF6003D9D97 /* SystemConfiguration.framework */; };
		A2B5F1981B965DFD003D9D97 /* libz.dylib in Frameworks */ = {isa = PBXBuildFile; fileRef = A2B5F1971B965DFD003D9D97 /* libz.dylib */; };
		A2B5F19A1B965E06003D9D97 /* libsqlite3.dylib in Frameworks */ = {isa = PBXBuildFile; fileRef = A2B5F1991B965E06003D9D97 /* libsqlite3.dylib */; };
/* End PBXBuildFile section */

/* Begin PBXContainerItemProxy section */
		A2B5F12D1B950CE9003D9D97 /* PBXContainerItemProxy */ = {
			isa = PBXContainerItemProxy;
			containerPortal = A2B5F10B1B950CE8003D9D97 /* Project object */;
			proxyType = 1;
			remoteGlobalIDString = A2B5F1121B950CE8003D9D97;
			remoteInfo = LocationReminders;
		};
/* End PBXContainerItemProxy section */

/* Begin PBXFileReference section */
		A2B5F1131B950CE9003D9D97 /* LocationReminders.app */ = {isa = PBXFileReference; explicitFileType = wrapper.application; includeInIndex = 0; path = LocationReminders.app; sourceTree = BUILT_PRODUCTS_DIR; };
		A2B5F1171B950CE9003D9D97 /* Info.plist */ = {isa = PBXFileReference; lastKnownFileType = text.plist.xml; path = Info.plist; sourceTree = "<group>"; };
		A2B5F1181B950CE9003D9D97 /* main.m */ = {isa = PBXFileReference; lastKnownFileType = sourcecode.c.objc; path = main.m; sourceTree = "<group>"; };
		A2B5F11A1B950CE9003D9D97 /* AppDelegate.h */ = {isa = PBXFileReference; lastKnownFileType = sourcecode.c.h; path = AppDelegate.h; sourceTree = "<group>"; };
		A2B5F11B1B950CE9003D9D97 /* AppDelegate.m */ = {isa = PBXFileReference; lastKnownFileType = sourcecode.c.objc; path = AppDelegate.m; sourceTree = "<group>"; };
		A2B5F11D1B950CE9003D9D97 /* ViewController.h */ = {isa = PBXFileReference; lastKnownFileType = sourcecode.c.h; path = ViewController.h; sourceTree = "<group>"; };
		A2B5F11E1B950CE9003D9D97 /* ViewController.m */ = {isa = PBXFileReference; lastKnownFileType = sourcecode.c.objc; path = ViewController.m; sourceTree = "<group>"; };
		A2B5F1211B950CE9003D9D97 /* Base */ = {isa = PBXFileReference; lastKnownFileType = file.storyboard; name = Base; path = Base.lproj/Main.storyboard; sourceTree = "<group>"; };
		A2B5F1231B950CE9003D9D97 /* Images.xcassets */ = {isa = PBXFileReference; lastKnownFileType = folder.assetcatalog; path = Images.xcassets; sourceTree = "<group>"; };
		A2B5F1261B950CE9003D9D97 /* Base */ = {isa = PBXFileReference; lastKnownFileType = file.xib; name = Base; path = Base.lproj/LaunchScreen.xib; sourceTree = "<group>"; };
		A2B5F12C1B950CE9003D9D97 /* LocationRemindersTests.xctest */ = {isa = PBXFileReference; explicitFileType = wrapper.cfbundle; includeInIndex = 0; path = LocationRemindersTests.xctest; sourceTree = BUILT_PRODUCTS_DIR; };
		A2B5F1311B950CE9003D9D97 /* Info.plist */ = {isa = PBXFileReference; lastKnownFileType = text.plist.xml; path = Info.plist; sourceTree = "<group>"; };
		A2B5F1321B950CE9003D9D97 /* LocationRemindersTests.m */ = {isa = PBXFileReference; lastKnownFileType = sourcecode.c.objc; path = LocationRemindersTests.m; sourceTree = "<group>"; };
		A2B5F13C1B950D0E003D9D97 /* MapKit.framework */ = {isa = PBXFileReference; lastKnownFileType = wrapper.framework; name = MapKit.framework; path = System/Library/Frameworks/MapKit.framework; sourceTree = SDKROOT; };
		A2B5F1751B964B48003D9D97 /* Constants.h */ = {isa = PBXFileReference; fileEncoding = 4; lastKnownFileType = sourcecode.c.h; path = Constants.h; sourceTree = "<group>"; };
		A2B5F1761B964B48003D9D97 /* Constants.m */ = {isa = PBXFileReference; fileEncoding = 4; lastKnownFileType = sourcecode.c.objc; path = Constants.m; sourceTree = "<group>"; };
		A2B5F1791B965D96003D9D97 /* Bolts.framework */ = {isa = PBXFileReference; lastKnownFileType = wrapper.framework; path = Bolts.framework; sourceTree = "<group>"; };
		A2B5F17A1B965D96003D9D97 /* Parse.framework */ = {isa = PBXFileReference; lastKnownFileType = wrapper.framework; path = Parse.framework; sourceTree = "<group>"; };
		A2B5F17B1B965D96003D9D97 /* ParseCrashReporting.framework */ = {isa = PBXFileReference; lastKnownFileType = wrapper.framework; path = ParseCrashReporting.framework; sourceTree = "<group>"; };
		A2B5F17C1B965D96003D9D97 /* ParseFacebookUtils.framework */ = {isa = PBXFileReference; lastKnownFileType = wrapper.framework; path = ParseFacebookUtils.framework; sourceTree = "<group>"; };
		A2B5F17D1B965D96003D9D97 /* ParseFacebookUtilsV4.framework */ = {isa = PBXFileReference; lastKnownFileType = wrapper.framework; path = ParseFacebookUtilsV4.framework; sourceTree = "<group>"; };
		A2B5F17E1B965D96003D9D97 /* ParseTwitterUtils.framework */ = {isa = PBXFileReference; lastKnownFileType = wrapper.framework; path = ParseTwitterUtils.framework; sourceTree = "<group>"; };
		A2B5F17F1B965D96003D9D97 /* ParseUI.framework */ = {isa = PBXFileReference; lastKnownFileType = wrapper.framework; path = ParseUI.framework; sourceTree = "<group>"; };
		A2B5F1871B965DD2003D9D97 /* AudioToolbox.framework */ = {isa = PBXFileReference; lastKnownFileType = wrapper.framework; name = AudioToolbox.framework; path = System/Library/Frameworks/AudioToolbox.framework; sourceTree = SDKROOT; };
		A2B5F1891B965DD9003D9D97 /* CFNetwork.framework */ = {isa = PBXFileReference; lastKnownFileType = wrapper.framework; name = CFNetwork.framework; path = System/Library/Frameworks/CFNetwork.framework; sourceTree = SDKROOT; };
		A2B5F18B1B965DDD003D9D97 /* CoreGraphics.framework */ = {isa = PBXFileReference; lastKnownFileType = wrapper.framework; name = CoreGraphics.framework; path = System/Library/Frameworks/CoreGraphics.framework; sourceTree = SDKROOT; };
		A2B5F18D1B965DE1003D9D97 /* CoreLocation.framework */ = {isa = PBXFileReference; lastKnownFileType = wrapper.framework; name = CoreLocation.framework; path = System/Library/Frameworks/CoreLocation.framework; sourceTree = SDKROOT; };
		A2B5F18F1B965DE5003D9D97 /* QuartzCore.framework */ = {isa = PBXFileReference; lastKnownFileType = wrapper.framework; name = QuartzCore.framework; path = System/Library/Frameworks/QuartzCore.framework; sourceTree = SDKROOT; };
		A2B5F1911B965DEA003D9D97 /* Security.framework */ = {isa = PBXFileReference; lastKnownFileType = wrapper.framework; name = Security.framework; path = System/Library/Frameworks/Security.framework; sourceTree = SDKROOT; };
		A2B5F1931B965DEF003D9D97 /* StoreKit.framework */ = {isa = PBXFileReference; lastKnownFileType = wrapper.framework; name = StoreKit.framework; path = System/Library/Frameworks/StoreKit.framework; sourceTree = SDKROOT; };
		A2B5F1951B965DF6003D9D97 /* SystemConfiguration.framework */ = {isa = PBXFileReference; lastKnownFileType = wrapper.framework; name = SystemConfiguration.framework; path = System/Library/Frameworks/SystemConfiguration.framework; sourceTree = SDKROOT; };
		A2B5F1971B965DFD003D9D97 /* libz.dylib */ = {isa = PBXFileReference; lastKnownFileType = "compiled.mach-o.dylib"; name = libz.dylib; path = usr/lib/libz.dylib; sourceTree = SDKROOT; };
		A2B5F1991B965E06003D9D97 /* libsqlite3.dylib */ = {isa = PBXFileReference; lastKnownFileType = "compiled.mach-o.dylib"; name = libsqlite3.dylib; path = usr/lib/libsqlite3.dylib; sourceTree = SDKROOT; };
/* End PBXFileReference section */

/* Begin PBXFrameworksBuildPhase section */
		A2B5F1101B950CE8003D9D97 /* Frameworks */ = {
			isa = PBXFrameworksBuildPhase;
			buildActionMask = 2147483647;
			files = (
				A2B5F19A1B965E06003D9D97 /* libsqlite3.dylib in Frameworks */,
				A2B5F1981B965DFD003D9D97 /* libz.dylib in Frameworks */,
				A2B5F1961B965DF6003D9D97 /* SystemConfiguration.framework in Frameworks */,
				A2B5F1941B965DF0003D9D97 /* StoreKit.framework in Frameworks */,
				A2B5F1921B965DEA003D9D97 /* Security.framework in Frameworks */,
				A2B5F1901B965DE5003D9D97 /* QuartzCore.framework in Frameworks */,
				A2B5F18E1B965DE1003D9D97 /* CoreLocation.framework in Frameworks */,
				A2B5F18C1B965DDD003D9D97 /* CoreGraphics.framework in Frameworks */,
				A2B5F18A1B965DD9003D9D97 /* CFNetwork.framework in Frameworks */,
				A2B5F1881B965DD2003D9D97 /* AudioToolbox.framework in Frameworks */,
				A2B5F13D1B950D0E003D9D97 /* MapKit.framework in Frameworks */,
				A2B5F1811B965D96003D9D97 /* Parse.framework in Frameworks */,
				A2B5F1841B965D96003D9D97 /* ParseFacebookUtilsV4.framework in Frameworks */,
				A2B5F1851B965D96003D9D97 /* ParseTwitterUtils.framework in Frameworks */,
				A2B5F1801B965D96003D9D97 /* Bolts.framework in Frameworks */,
				A2B5F1831B965D96003D9D97 /* ParseFacebookUtils.framework in Frameworks */,
				A2B5F1861B965D96003D9D97 /* ParseUI.framework in Frameworks */,
				A2B5F1821B965D96003D9D97 /* ParseCrashReporting.framework in Frameworks */,
			);
			runOnlyForDeploymentPostprocessing = 0;
		};
		A2B5F1291B950CE9003D9D97 /* Frameworks */ = {
			isa = PBXFrameworksBuildPhase;
			buildActionMask = 2147483647;
			files = (
			);
			runOnlyForDeploymentPostprocessing = 0;
		};
/* End PBXFrameworksBuildPhase section */

/* Begin PBXGroup section */
		A2B5F10A1B950CE8003D9D97 = {
			isa = PBXGroup;
			children = (
				A2B5F1781B965D74003D9D97 /* Frameworks */,
				A2B5F1151B950CE9003D9D97 /* LocationReminders */,
				A2B5F12F1B950CE9003D9D97 /* LocationRemindersTests */,
				A2B5F1141B950CE9003D9D97 /* Products */,
			);
			sourceTree = "<group>";
		};
		A2B5F1141B950CE9003D9D97 /* Products */ = {
			isa = PBXGroup;
			children = (
				A2B5F1131B950CE9003D9D97 /* LocationReminders.app */,
				A2B5F12C1B950CE9003D9D97 /* LocationRemindersTests.xctest */,
			);
			name = Products;
			sourceTree = "<group>";
		};
		A2B5F1151B950CE9003D9D97 /* LocationReminders */ = {
			isa = PBXGroup;
			children = (
				A2B5F11A1B950CE9003D9D97 /* AppDelegate.h */,
				A2B5F11B1B950CE9003D9D97 /* AppDelegate.m */,
				A2B5F11D1B950CE9003D9D97 /* ViewController.h */,
				A2B5F11E1B950CE9003D9D97 /* ViewController.m */,
				A2B5F1751B964B48003D9D97 /* Constants.h */,
				A2B5F1761B964B48003D9D97 /* Constants.m */,
				A2B5F1201B950CE9003D9D97 /* Main.storyboard */,
				A2B5F1231B950CE9003D9D97 /* Images.xcassets */,
				A2B5F1251B950CE9003D9D97 /* LaunchScreen.xib */,
				A2B5F1161B950CE9003D9D97 /* Supporting Files */,
			);
			path = LocationReminders;
			sourceTree = "<group>";
		};
		A2B5F1161B950CE9003D9D97 /* Supporting Files */ = {
			isa = PBXGroup;
			children = (
				A2B5F1171B950CE9003D9D97 /* Info.plist */,
				A2B5F1181B950CE9003D9D97 /* main.m */,
			);
			name = "Supporting Files";
			sourceTree = "<group>";
		};
		A2B5F12F1B950CE9003D9D97 /* LocationRemindersTests */ = {
			isa = PBXGroup;
			children = (
				A2B5F1321B950CE9003D9D97 /* LocationRemindersTests.m */,
				A2B5F1301B950CE9003D9D97 /* Supporting Files */,
			);
			path = LocationRemindersTests;
			sourceTree = "<group>";
		};
		A2B5F1301B950CE9003D9D97 /* Supporting Files */ = {
			isa = PBXGroup;
			children = (
				A2B5F1311B950CE9003D9D97 /* Info.plist */,
			);
			name = "Supporting Files";
			sourceTree = "<group>";
		};
		A2B5F1781B965D74003D9D97 /* Frameworks */ = {
			isa = PBXGroup;
			children = (
				A2B5F1991B965E06003D9D97 /* libsqlite3.dylib */,
				A2B5F1971B965DFD003D9D97 /* libz.dylib */,
				A2B5F1951B965DF6003D9D97 /* SystemConfiguration.framework */,
				A2B5F1931B965DEF003D9D97 /* StoreKit.framework */,
				A2B5F1911B965DEA003D9D97 /* Security.framework */,
				A2B5F18F1B965DE5003D9D97 /* QuartzCore.framework */,
				A2B5F18D1B965DE1003D9D97 /* CoreLocation.framework */,
				A2B5F18B1B965DDD003D9D97 /* CoreGraphics.framework */,
				A2B5F1891B965DD9003D9D97 /* CFNetwork.framework */,
				A2B5F1871B965DD2003D9D97 /* AudioToolbox.framework */,
				A2B5F1791B965D96003D9D97 /* Bolts.framework */,
				A2B5F17A1B965D96003D9D97 /* Parse.framework */,
				A2B5F17B1B965D96003D9D97 /* ParseCrashReporting.framework */,
				A2B5F17C1B965D96003D9D97 /* ParseFacebookUtils.framework */,
				A2B5F17D1B965D96003D9D97 /* ParseFacebookUtilsV4.framework */,
				A2B5F17E1B965D96003D9D97 /* ParseTwitterUtils.framework */,
				A2B5F17F1B965D96003D9D97 /* ParseUI.framework */,
				A2B5F13C1B950D0E003D9D97 /* MapKit.framework */,
			);
			name = Frameworks;
			sourceTree = "<group>";
		};
/* End PBXGroup section */

/* Begin PBXNativeTarget section */
		A2B5F1121B950CE8003D9D97 /* LocationReminders */ = {
			isa = PBXNativeTarget;
			buildConfigurationList = A2B5F1361B950CE9003D9D97 /* Build configuration list for PBXNativeTarget "LocationReminders" */;
			buildPhases = (
				A2B5F10F1B950CE8003D9D97 /* Sources */,
				A2B5F1101B950CE8003D9D97 /* Frameworks */,
				A2B5F1111B950CE8003D9D97 /* Resources */,
			);
			buildRules = (
			);
			dependencies = (
			);
			name = LocationReminders;
			productName = LocationReminders;
			productReference = A2B5F1131B950CE9003D9D97 /* LocationReminders.app */;
			productType = "com.apple.product-type.application";
		};
		A2B5F12B1B950CE9003D9D97 /* LocationRemindersTests */ = {
			isa = PBXNativeTarget;
			buildConfigurationList = A2B5F1391B950CE9003D9D97 /* Build configuration list for PBXNativeTarget "LocationRemindersTests" */;
			buildPhases = (
				A2B5F1281B950CE9003D9D97 /* Sources */,
				A2B5F1291B950CE9003D9D97 /* Frameworks */,
				A2B5F12A1B950CE9003D9D97 /* Resources */,
			);
			buildRules = (
			);
			dependencies = (
				A2B5F12E1B950CE9003D9D97 /* PBXTargetDependency */,
			);
			name = LocationRemindersTests;
			productName = LocationRemindersTests;
			productReference = A2B5F12C1B950CE9003D9D97 /* LocationRemindersTests.xctest */;
			productType = "com.apple.product-type.bundle.unit-test";
		};
/* End PBXNativeTarget section */

/* Begin PBXProject section */
		A2B5F10B1B950CE8003D9D97 /* Project object */ = {
			isa = PBXProject;
			attributes = {
				LastUpgradeCheck = 0640;
				ORGANIZATIONNAME = CF;
				TargetAttributes = {
					A2B5F1121B950CE8003D9D97 = {
						CreatedOnToolsVersion = 6.4;
						SystemCapabilities = {
							com.apple.Maps.iOS = {
								enabled = 1;
							};
						};
					};
					A2B5F12B1B950CE9003D9D97 = {
						CreatedOnToolsVersion = 6.4;
						TestTargetID = A2B5F1121B950CE8003D9D97;
					};
				};
			};
			buildConfigurationList = A2B5F10E1B950CE8003D9D97 /* Build configuration list for PBXProject "LocationReminders" */;
			compatibilityVersion = "Xcode 3.2";
			developmentRegion = English;
			hasScannedForEncodings = 0;
			knownRegions = (
				en,
				Base,
			);
			mainGroup = A2B5F10A1B950CE8003D9D97;
			productRefGroup = A2B5F1141B950CE9003D9D97 /* Products */;
			projectDirPath = "";
			projectRoot = "";
			targets = (
				A2B5F1121B950CE8003D9D97 /* LocationReminders */,
				A2B5F12B1B950CE9003D9D97 /* LocationRemindersTests */,
			);
		};
/* End PBXProject section */

/* Begin PBXResourcesBuildPhase section */
		A2B5F1111B950CE8003D9D97 /* Resources */ = {
			isa = PBXResourcesBuildPhase;
			buildActionMask = 2147483647;
			files = (
				A2B5F1221B950CE9003D9D97 /* Main.storyboard in Resources */,
				A2B5F1271B950CE9003D9D97 /* LaunchScreen.xib in Resources */,
				A2B5F1241B950CE9003D9D97 /* Images.xcassets in Resources */,
			);
			runOnlyForDeploymentPostprocessing = 0;
		};
		A2B5F12A1B950CE9003D9D97 /* Resources */ = {
			isa = PBXResourcesBuildPhase;
			buildActionMask = 2147483647;
			files = (
			);
			runOnlyForDeploymentPostprocessing = 0;
		};
/* End PBXResourcesBuildPhase section */

/* Begin PBXSourcesBuildPhase section */
		A2B5F10F1B950CE8003D9D97 /* Sources */ = {
			isa = PBXSourcesBuildPhase;
			buildActionMask = 2147483647;
			files = (
				A2B5F11F1B950CE9003D9D97 /* ViewController.m in Sources */,
				A2B5F11C1B950CE9003D9D97 /* AppDelegate.m in Sources */,
				A2B5F1191B950CE9003D9D97 /* main.m in Sources */,
				A2B5F1771B964B48003D9D97 /* Constants.m in Sources */,
			);
			runOnlyForDeploymentPostprocessing = 0;
		};
		A2B5F1281B950CE9003D9D97 /* Sources */ = {
			isa = PBXSourcesBuildPhase;
			buildActionMask = 2147483647;
			files = (
				A2B5F1331B950CE9003D9D97 /* LocationRemindersTests.m in Sources */,
			);
			runOnlyForDeploymentPostprocessing = 0;
		};
/* End PBXSourcesBuildPhase section */

/* Begin PBXTargetDependency section */
		A2B5F12E1B950CE9003D9D97 /* PBXTargetDependency */ = {
			isa = PBXTargetDependency;
			target = A2B5F1121B950CE8003D9D97 /* LocationReminders */;
			targetProxy = A2B5F12D1B950CE9003D9D97 /* PBXContainerItemProxy */;
		};
/* End PBXTargetDependency section */

/* Begin PBXVariantGroup section */
		A2B5F1201B950CE9003D9D97 /* Main.storyboard */ = {
			isa = PBXVariantGroup;
			children = (
				A2B5F1211B950CE9003D9D97 /* Base */,
			);
			name = Main.storyboard;
			sourceTree = "<group>";
		};
		A2B5F1251B950CE9003D9D97 /* LaunchScreen.xib */ = {
			isa = PBXVariantGroup;
			children = (
				A2B5F1261B950CE9003D9D97 /* Base */,
			);
			name = LaunchScreen.xib;
			sourceTree = "<group>";
		};
/* End PBXVariantGroup section */

/* Begin XCBuildConfiguration section */
		A2B5F1341B950CE9003D9D97 /* Debug */ = {
			isa = XCBuildConfiguration;
			buildSettings = {
				ALWAYS_SEARCH_USER_PATHS = NO;
				CLANG_CXX_LANGUAGE_STANDARD = "gnu++0x";
				CLANG_CXX_LIBRARY = "libc++";
				CLANG_ENABLE_MODULES = YES;
				CLANG_ENABLE_OBJC_ARC = YES;
				CLANG_WARN_BOOL_CONVERSION = YES;
				CLANG_WARN_CONSTANT_CONVERSION = YES;
				CLANG_WARN_DIRECT_OBJC_ISA_USAGE = YES_ERROR;
				CLANG_WARN_EMPTY_BODY = YES;
				CLANG_WARN_ENUM_CONVERSION = YES;
				CLANG_WARN_INT_CONVERSION = YES;
				CLANG_WARN_OBJC_ROOT_CLASS = YES_ERROR;
				CLANG_WARN_UNREACHABLE_CODE = YES;
				CLANG_WARN__DUPLICATE_METHOD_MATCH = YES;
				"CODE_SIGN_IDENTITY[sdk=iphoneos*]" = "iPhone Developer";
				COPY_PHASE_STRIP = NO;
				DEBUG_INFORMATION_FORMAT = "dwarf-with-dsym";
				ENABLE_STRICT_OBJC_MSGSEND = YES;
				GCC_C_LANGUAGE_STANDARD = gnu99;
				GCC_DYNAMIC_NO_PIC = NO;
				GCC_NO_COMMON_BLOCKS = YES;
				GCC_OPTIMIZATION_LEVEL = 0;
				GCC_PREPROCESSOR_DEFINITIONS = (
					"DEBUG=1",
					"$(inherited)",
				);
				GCC_SYMBOLS_PRIVATE_EXTERN = NO;
				GCC_WARN_64_TO_32_BIT_CONVERSION = YES;
				GCC_WARN_ABOUT_RETURN_TYPE = YES_ERROR;
				GCC_WARN_UNDECLARED_SELECTOR = YES;
				GCC_WARN_UNINITIALIZED_AUTOS = YES_AGGRESSIVE;
				GCC_WARN_UNUSED_FUNCTION = YES;
				GCC_WARN_UNUSED_VARIABLE = YES;
				IPHONEOS_DEPLOYMENT_TARGET = 8.4;
				MTL_ENABLE_DEBUG_INFO = YES;
				ONLY_ACTIVE_ARCH = YES;
				SDKROOT = iphoneos;
				TARGETED_DEVICE_FAMILY = "1,2";
			};
			name = Debug;
		};
		A2B5F1351B950CE9003D9D97 /* Release */ = {
			isa = XCBuildConfiguration;
			buildSettings = {
				ALWAYS_SEARCH_USER_PATHS = NO;
				CLANG_CXX_LANGUAGE_STANDARD = "gnu++0x";
				CLANG_CXX_LIBRARY = "libc++";
				CLANG_ENABLE_MODULES = YES;
				CLANG_ENABLE_OBJC_ARC = YES;
				CLANG_WARN_BOOL_CONVERSION = YES;
				CLANG_WARN_CONSTANT_CONVERSION = YES;
				CLANG_WARN_DIRECT_OBJC_ISA_USAGE = YES_ERROR;
				CLANG_WARN_EMPTY_BODY = YES;
				CLANG_WARN_ENUM_CONVERSION = YES;
				CLANG_WARN_INT_CONVERSION = YES;
				CLANG_WARN_OBJC_ROOT_CLASS = YES_ERROR;
				CLANG_WARN_UNREACHABLE_CODE = YES;
				CLANG_WARN__DUPLICATE_METHOD_MATCH = YES;
				"CODE_SIGN_IDENTITY[sdk=iphoneos*]" = "iPhone Developer";
				COPY_PHASE_STRIP = NO;
				DEBUG_INFORMATION_FORMAT = "dwarf-with-dsym";
				ENABLE_NS_ASSERTIONS = NO;
				ENABLE_STRICT_OBJC_MSGSEND = YES;
				GCC_C_LANGUAGE_STANDARD = gnu99;
				GCC_NO_COMMON_BLOCKS = YES;
				GCC_WARN_64_TO_32_BIT_CONVERSION = YES;
				GCC_WARN_ABOUT_RETURN_TYPE = YES_ERROR;
				GCC_WARN_UNDECLARED_SELECTOR = YES;
				GCC_WARN_UNINITIALIZED_AUTOS = YES_AGGRESSIVE;
				GCC_WARN_UNUSED_FUNCTION = YES;
				GCC_WARN_UNUSED_VARIABLE = YES;
				IPHONEOS_DEPLOYMENT_TARGET = 8.4;
				MTL_ENABLE_DEBUG_INFO = NO;
				SDKROOT = iphoneos;
				TARGETED_DEVICE_FAMILY = "1,2";
				VALIDATE_PRODUCT = YES;
			};
			name = Release;
		};
		A2B5F1371B950CE9003D9D97 /* Debug */ = {
			isa = XCBuildConfiguration;
			buildSettings = {
				ASSETCATALOG_COMPILER_APPICON_NAME = AppIcon;
				FRAMEWORK_SEARCH_PATHS = (
					"$(inherited)",
					"$(PROJECT_DIR)",
				);
				INFOPLIST_FILE = LocationReminders/Info.plist;
				LD_RUNPATH_SEARCH_PATHS = "$(inherited) @executable_path/Frameworks";
				PRODUCT_NAME = "$(TARGET_NAME)";
			};
			name = Debug;
		};
		A2B5F1381B950CE9003D9D97 /* Release */ = {
			isa = XCBuildConfiguration;
			buildSettings = {
				ASSETCATALOG_COMPILER_APPICON_NAME = AppIcon;
				FRAMEWORK_SEARCH_PATHS = (
					"$(inherited)",
					"$(PROJECT_DIR)",
				);
				INFOPLIST_FILE = LocationReminders/Info.plist;
				LD_RUNPATH_SEARCH_PATHS = "$(inherited) @executable_path/Frameworks";
				PRODUCT_NAME = "$(TARGET_NAME)";
			};
			name = Release;
		};
		A2B5F13A1B950CE9003D9D97 /* Debug */ = {
			isa = XCBuildConfiguration;
			buildSettings = {
				BUNDLE_LOADER = "$(TEST_HOST)";
				FRAMEWORK_SEARCH_PATHS = (
					"$(SDKROOT)/Developer/Library/Frameworks",
					"$(inherited)",
				);
				GCC_PREPROCESSOR_DEFINITIONS = (
					"DEBUG=1",
					"$(inherited)",
				);
				INFOPLIST_FILE = LocationRemindersTests/Info.plist;
				LD_RUNPATH_SEARCH_PATHS = "$(inherited) @executable_path/Frameworks @loader_path/Frameworks";
				PRODUCT_NAME = "$(TARGET_NAME)";
				TEST_HOST = "$(BUILT_PRODUCTS_DIR)/LocationReminders.app/LocationReminders";
			};
			name = Debug;
		};
		A2B5F13B1B950CE9003D9D97 /* Release */ = {
			isa = XCBuildConfiguration;
			buildSettings = {
				BUNDLE_LOADER = "$(TEST_HOST)";
				FRAMEWORK_SEARCH_PATHS = (
					"$(SDKROOT)/Developer/Library/Frameworks",
					"$(inherited)",
				);
				INFOPLIST_FILE = LocationRemindersTests/Info.plist;
				LD_RUNPATH_SEARCH_PATHS = "$(inherited) @executable_path/Frameworks @loader_path/Frameworks";
				PRODUCT_NAME = "$(TARGET_NAME)";
				TEST_HOST = "$(BUILT_PRODUCTS_DIR)/LocationReminders.app/LocationReminders";
			};
			name = Release;
		};
/* End XCBuildConfiguration section */

/* Begin XCConfigurationList section */
		A2B5F10E1B950CE8003D9D97 /* Build configuration list for PBXProject "LocationReminders" */ = {
			isa = XCConfigurationList;
			buildConfigurations = (
				A2B5F1341B950CE9003D9D97 /* Debug */,
				A2B5F1351B950CE9003D9D97 /* Release */,
			);
			defaultConfigurationIsVisible = 0;
			defaultConfigurationName = Release;
		};
		A2B5F1361B950CE9003D9D97 /* Build configuration list for PBXNativeTarget "LocationReminders" */ = {
			isa = XCConfigurationList;
			buildConfigurations = (
				A2B5F1371B950CE9003D9D97 /* Debug */,
				A2B5F1381B950CE9003D9D97 /* Release */,
			);
			defaultConfigurationIsVisible = 0;
			defaultConfigurationName = Release;
		};
		A2B5F1391B950CE9003D9D97 /* Build configuration list for PBXNativeTarget "LocationRemindersTests" */ = {
			isa = XCConfigurationList;
			buildConfigurations = (
				A2B5F13A1B950CE9003D9D97 /* Debug */,
				A2B5F13B1B950CE9003D9D97 /* Release */,
			);
			defaultConfigurationIsVisible = 0;
			defaultConfigurationName = Release;
		};
/* End XCConfigurationList section */
	};
	rootObject = A2B5F10B1B950CE8003D9D97 /* Project object */;
}
